
Microsoft Visual Studio Solution File, Format Version 11.00
# Visual Studio 2010
Project("{FAE04EC0-301F-11D3-BF4B-00C04F79EFBC}") = "blackMagic.ScriptConsole", "blackMagic.ScriptConsole\blackMagic.ScriptConsole.csproj", "{85653F44-42BF-4AA9-89A6-BF6718F77465}"
EndProject
Project("{FAE04EC0-301F-11D3-BF4B-00C04F79EFBC}") = "libMagic", "libMagic\libMagic.csproj", "{CA116A18-3CCF-4D9A-A44F-3B3972E6CC4D}"
EndProject
Project("{FAE04EC0-301F-11D3-BF4B-00C04F79EFBC}") = "blackMagic.Test", "blackMagic.Test\blackMagic.Test.csproj", "{13BF46BF-2012-4005-81D3-DE6C61382387}"
EndProject
Global
	GlobalSection(SolutionConfigurationPlatforms) = preSolution
		Debug|Any CPU = Debug|Any CPU
		Debug|Mixed Platforms = Debug|Mixed Platforms
		Debug|x86 = Debug|x86
		Release|Any CPU = Release|Any CPU
		Release|Mixed Platforms = Release|Mixed Platforms
		Release|x86 = Release|x86
	EndGlobalSection
	GlobalSection(ProjectConfigurationPlatforms) = postSolution
		{85653F44-42BF-4AA9-89A6-BF6718F77465}.Debug|Any CPU.ActiveCfg = Debug|x86
		{85653F44-42BF-4AA9-89A6-BF6718F77465}.Debug|Mixed Platforms.ActiveCfg = Debug|x86
		{85653F44-42BF-4AA9-89A6-BF6718F77465}.Debug|Mixed Platforms.Build.0 = Debug|x86
		{85653F44-42BF-4AA9-89A6-BF6718F77465}.Debug|x86.ActiveCfg = Debug|x86
		{85653F44-42BF-4AA9-89A6-BF6718F77465}.Debug|x86.Build.0 = Debug|x86
		{85653F44-42BF-4AA9-89A6-BF6718F77465}.Release|Any CPU.ActiveCfg = Release|x86
		{85653F44-42BF-4AA9-89A6-BF6718F77465}.Release|Mixed Platforms.ActiveCfg = Release|x86
		{85653F44-42BF-4AA9-89A6-BF6718F77465}.Release|Mixed Platforms.Build.0 = Release|x86
		{85653F44-42BF-4AA9-89A6-BF6718F77465}.Release|x86.ActiveCfg = Release|x86
		{85653F44-42BF-4AA9-89A6-BF6718F77465}.Release|x86.Build.0 = Release|x86
		{CA116A18-3CCF-4D9A-A44F-3B3972E6CC4D}.Debug|Any CPU.ActiveCfg = Debug|Any CPU
		{CA116A18-3CCF-4D9A-A44F-3B3972E6CC4D}.Debug|Any CPU.Build.0 = Debug|Any CPU
		{CA116A18-3CCF-4D9A-A44F-3B3972E6CC4D}.Debug|Mixed Platforms.ActiveCfg = Debug|Any CPU
		{CA116A18-3CCF-4D9A-A44F-3B3972E6CC4D}.Debug|Mixed Platforms.Build.0 = Debug|Any CPU
		{CA116A18-3CCF-4D9A-A44F-3B3972E6CC4D}.Debug|x86.ActiveCfg = Debug|Any CPU
		{CA116A18-3CCF-4D9A-A44F-3B3972E6CC4D}.Release|Any CPU.ActiveCfg = Release|Any CPU
		{CA116A18-3CCF-4D9A-A44F-3B3972E6CC4D}.Release|Any CPU.Build.0 = Release|Any CPU
		{CA116A18-3CCF-4D9A-A44F-3B3972E6CC4D}.Release|Mixed Platforms.ActiveCfg = Release|Any CPU
		{CA116A18-3CCF-4D9A-A44F-3B3972E6CC4D}.Release|Mixed Platforms.Build.0 = Release|Any CPU
		{CA116A18-3CCF-4D9A-A44F-3B3972E6CC4D}.Release|x86.ActiveCfg = Release|Any CPU
		{13BF46BF-2012-4005-81D3-DE6C61382387}.Debug|Any CPU.ActiveCfg = Debug|Any CPU
		{13BF46BF-2012-4005-81D3-DE6C61382387}.Debug|Any CPU.Build.0 = Debug|Any CPU
		{13BF46BF-2012-4005-81D3-DE6C61382387}.Debug|Mixed Platforms.ActiveCfg = Debug|Any CPU
		{13BF46BF-2012-4005-81D3-DE6C61382387}.Debug|Mixed Platforms.Build.0 = Debug|Any CPU
		{13BF46BF-2012-4005-81D3-DE6C61382387}.Debug|x86.ActiveCfg = Debug|Any CPU
		{13BF46BF-2012-4005-81D3-DE6C61382387}.Release|Any CPU.ActiveCfg = Release|Any CPU
		{13BF46BF-2012-4005-81D3-DE6C61382387}.Release|Any CPU.Build.0 = Release|Any CPU
		{13BF46BF-2012-4005-81D3-DE6C61382387}.Release|Mixed Platforms.ActiveCfg = Release|Any CPU
		{13BF46BF-2012-4005-81D3-DE6C61382387}.Release|Mixed Platforms.Build.0 = Release|Any CPU
		{13BF46BF-2012-4005-81D3-DE6C61382387}.Release|x86.ActiveCfg = Release|Any CPU
	EndGlobalSection
	GlobalSection(SolutionProperties) = preSolution
		HideSolutionNode = FALSE
	EndGlobalSection
EndGlobal
